
Microsoft Visual Studio Solution File, Format Version 12.00
# Visual Studio Version 17
VisualStudioVersion = 17.2.32630.192
MinimumVisualStudioVersion = 10.0.40219.1
Project("{FAE04EC0-301F-11D3-BF4B-00C04F79EFBC}") = "ProyectoMedioTerminoG6", "ProyectoMedioTerminoG6\ProyectoMedioTerminoG6.csproj", "{2B7CC573-8BBD-43C9-AE7F-6052E8FDBA37}"
EndProject
Global
	GlobalSection(SolutionConfigurationPlatforms) = preSolution
		Debug|Any CPU = Debug|Any CPU
		Release|Any CPU = Release|Any CPU
	EndGlobalSection
	GlobalSection(ProjectConfigurationPlatforms) = postSolution
		{2B7CC573-8BBD-43C9-AE7F-6052E8FDBA37}.Debug|Any CPU.ActiveCfg = Debug|Any CPU
		{2B7CC573-8BBD-43C9-AE7F-6052E8FDBA37}.Debug|Any CPU.Build.0 = Debug|Any CPU
		{2B7CC573-8BBD-43C9-AE7F-6052E8FDBA37}.Release|Any CPU.ActiveCfg = Release|Any CPU
		{2B7CC573-8BBD-43C9-AE7F-6052E8FDBA37}.Release|Any CPU.Build.0 = Release|Any CPU
	EndGlobalSection
	GlobalSection(SolutionProperties) = preSolution
		HideSolutionNode = FALSE
	EndGlobalSection
	GlobalSection(ExtensibilityGlobals) = postSolution
		SolutionGuid = {230E47C6-E552-40A6-A6A8-F0B8BDE1C006}
	EndGlobalSection
EndGlobal
